
Microsoft Visual Studio Solution File, Format Version 12.00
# Visual Studio Version 17
VisualStudioVersion = 17.7.34018.315
MinimumVisualStudioVersion = 10.0.40219.1
Project("{9A19103F-16F7-4668-BE54-9A1E7A4F7556}") = "VemdeZap.Domain", "VemdeZap.Domain\VemdeZap.Domain.csproj", "{F236363B-5889-4445-AA63-B39754E0D1CF}"
EndProject
Project("{FAE04EC0-301F-11D3-BF4B-00C04F79EFBC}") = "VemDeZap.API", "VemDeZap.API\VemDeZap.API.csproj", "{1D277DC2-83D2-4FB3-8D32-8684ED1B4394}"
EndProject
Global
	GlobalSection(SolutionConfigurationPlatforms) = preSolution
		Debug|Any CPU = Debug|Any CPU
		Release|Any CPU = Release|Any CPU
	EndGlobalSection
	GlobalSection(ProjectConfigurationPlatforms) = postSolution
		{F236363B-5889-4445-AA63-B39754E0D1CF}.Debug|Any CPU.ActiveCfg = Debug|Any CPU
		{F236363B-5889-4445-AA63-B39754E0D1CF}.Debug|Any CPU.Build.0 = Debug|Any CPU
		{F236363B-5889-4445-AA63-B39754E0D1CF}.Release|Any CPU.ActiveCfg = Release|Any CPU
		{F236363B-5889-4445-AA63-B39754E0D1CF}.Release|Any CPU.Build.0 = Release|Any CPU
		{1D277DC2-83D2-4FB3-8D32-8684ED1B4394}.Debug|Any CPU.ActiveCfg = Debug|Any CPU
		{1D277DC2-83D2-4FB3-8D32-8684ED1B4394}.Debug|Any CPU.Build.0 = Debug|Any CPU
		{1D277DC2-83D2-4FB3-8D32-8684ED1B4394}.Release|Any CPU.ActiveCfg = Release|Any CPU
		{1D277DC2-83D2-4FB3-8D32-8684ED1B4394}.Release|Any CPU.Build.0 = Release|Any CPU
	EndGlobalSection
	GlobalSection(SolutionProperties) = preSolution
		HideSolutionNode = FALSE
	EndGlobalSection
	GlobalSection(ExtensibilityGlobals) = postSolution
		SolutionGuid = {A27F4A12-656D-42C0-9D97-5ED0C9917802}
	EndGlobalSection
EndGlobal
